// !$*UTF8*$!
{
	archiveVersion = 1;
	classes = {
	};
	objectVersion = 50;
	objects = {

/* Begin PBXBuildFile section */
		087F3F80AFD2A4D5EFA57C38 /* libPods-MentorModules.a in Frameworks */ = {isa = PBXBuildFile; fileRef = 946A9BEC8D90565640596A93 /* libPods-MentorModules.a */; };
		095D5FFC22EA5E4E002A25A5 /* MentorModules.h in Headers */ = {isa = PBXBuildFile; fileRef = 095D5FFA22EA5E4E002A25A5 /* MentorModules.h */; settings = {ATTRIBUTES = (Public, ); }; };
		0970B58422EA5EC800223FA0 /* MRAuth.swift in Sources */ = {isa = PBXBuildFile; fileRef = 0970B58322EA5EC800223FA0 /* MRAuth.swift */; };
/* End PBXBuildFile section */

/* Begin PBXFileReference section */
		095D5FF722EA5E4E002A25A5 /* MentorModules.framework */ = {isa = PBXFileReference; explicitFileType = wrapper.framework; includeInIndex = 0; path = MentorModules.framework; sourceTree = BUILT_PRODUCTS_DIR; };
		095D5FFA22EA5E4E002A25A5 /* MentorModules.h */ = {isa = PBXFileReference; lastKnownFileType = sourcecode.c.h; path = MentorModules.h; sourceTree = "<group>"; };
		095D5FFB22EA5E4E002A25A5 /* Info.plist */ = {isa = PBXFileReference; lastKnownFileType = text.plist.xml; path = Info.plist; sourceTree = "<group>"; };
		0970B58322EA5EC800223FA0 /* MRAuth.swift */ = {isa = PBXFileReference; fileEncoding = 4; lastKnownFileType = sourcecode.swift; path = MRAuth.swift; sourceTree = "<group>"; };
		0E8C2FA3A07559D5D547EEA9 /* Pods-MentorModules.release.xcconfig */ = {isa = PBXFileReference; includeInIndex = 1; lastKnownFileType = text.xcconfig; name = "Pods-MentorModules.release.xcconfig"; path = "Target Support Files/Pods-MentorModules/Pods-MentorModules.release.xcconfig"; sourceTree = "<group>"; };
		946A9BEC8D90565640596A93 /* libPods-MentorModules.a */ = {isa = PBXFileReference; explicitFileType = archive.ar; includeInIndex = 0; path = "libPods-MentorModules.a"; sourceTree = BUILT_PRODUCTS_DIR; };
		A7B99A8E433C8D711318BD52 /* Pods-MentorModules.debug.xcconfig */ = {isa = PBXFileReference; includeInIndex = 1; lastKnownFileType = text.xcconfig; name = "Pods-MentorModules.debug.xcconfig"; path = "Target Support Files/Pods-MentorModules/Pods-MentorModules.debug.xcconfig"; sourceTree = "<group>"; };
/* End PBXFileReference section */

/* Begin PBXFrameworksBuildPhase section */
		095D5FF422EA5E4E002A25A5 /* Frameworks */ = {
			isa = PBXFrameworksBuildPhase;
			buildActionMask = 2147483647;
			files = (
				087F3F80AFD2A4D5EFA57C38 /* libPods-MentorModules.a in Frameworks */,
			);
			runOnlyForDeploymentPostprocessing = 0;
		};
/* End PBXFrameworksBuildPhase section */

/* Begin PBXGroup section */
		095D5FED22EA5E4E002A25A5 = {
			isa = PBXGroup;
			children = (
				095D5FF922EA5E4E002A25A5 /* MentorModules */,
				095D5FF822EA5E4E002A25A5 /* Products */,
				25F1640FCC7C935359654B86 /* Pods */,
				D437693D8D09F2F08E1CDDEE /* Frameworks */,
			);
			sourceTree = "<group>";
		};
		095D5FF822EA5E4E002A25A5 /* Products */ = {
			isa = PBXGroup;
			children = (
				095D5FF722EA5E4E002A25A5 /* MentorModules.framework */,
			);
			name = Products;
			sourceTree = "<group>";
		};
		095D5FF922EA5E4E002A25A5 /* MentorModules */ = {
			isa = PBXGroup;
			children = (
				095D5FFA22EA5E4E002A25A5 /* MentorModules.h */,
				0970B58322EA5EC800223FA0 /* MRAuth.swift */,
				095D5FFB22EA5E4E002A25A5 /* Info.plist */,
			);
			path = MentorModules;
			sourceTree = "<group>";
		};
		25F1640FCC7C935359654B86 /* Pods */ = {
			isa = PBXGroup;
			children = (
				A7B99A8E433C8D711318BD52 /* Pods-MentorModules.debug.xcconfig */,
				0E8C2FA3A07559D5D547EEA9 /* Pods-MentorModules.release.xcconfig */,
			);
			path = Pods;
			sourceTree = "<group>";
		};
		D437693D8D09F2F08E1CDDEE /* Frameworks */ = {
			isa = PBXGroup;
			children = (
				946A9BEC8D90565640596A93 /* libPods-MentorModules.a */,
			);
			name = Frameworks;
			sourceTree = "<group>";
		};
/* End PBXGroup section */

/* Begin PBXHeadersBuildPhase section */
		095D5FF222EA5E4E002A25A5 /* Headers */ = {
			isa = PBXHeadersBuildPhase;
			buildActionMask = 2147483647;
			files = (
				095D5FFC22EA5E4E002A25A5 /* MentorModules.h in Headers */,
			);
			runOnlyForDeploymentPostprocessing = 0;
		};
/* End PBXHeadersBuildPhase section */

/* Begin PBXNativeTarget section */
		095D5FF622EA5E4E002A25A5 /* MentorModules */ = {
			isa = PBXNativeTarget;
			buildConfigurationList = 095D5FFF22EA5E4E002A25A5 /* Build configuration list for PBXNativeTarget "MentorModules" */;
			buildPhases = (
				7BE56AE316CC89A9D8873145 /* [CP] Check Pods Manifest.lock */,
				095D5FF222EA5E4E002A25A5 /* Headers */,
				095D5FF322EA5E4E002A25A5 /* Sources */,
				095D5FF422EA5E4E002A25A5 /* Frameworks */,
				095D5FF522EA5E4E002A25A5 /* Resources */,
			);
			buildRules = (
			);
			dependencies = (
			);
			name = MentorModules;
			productName = MentorModules;
			productReference = 095D5FF722EA5E4E002A25A5 /* MentorModules.framework */;
			productType = "com.apple.product-type.framework";
		};
/* End PBXNativeTarget section */

/* Begin PBXProject section */
		095D5FEE22EA5E4E002A25A5 /* Project object */ = {
			isa = PBXProject;
			attributes = {
				LastUpgradeCheck = 1030;
				ORGANIZATIONNAME = eDriving;
				TargetAttributes = {
					095D5FF622EA5E4E002A25A5 = {
						CreatedOnToolsVersion = 10.3;
						LastSwiftMigration = 1030;
					};
				};
			};
			buildConfigurationList = 095D5FF122EA5E4E002A25A5 /* Build configuration list for PBXProject "MentorModules" */;
			compatibilityVersion = "Xcode 9.3";
			developmentRegion = en;
			hasScannedForEncodings = 0;
			knownRegions = (
				en,
			);
			mainGroup = 095D5FED22EA5E4E002A25A5;
			productRefGroup = 095D5FF822EA5E4E002A25A5 /* Products */;
			projectDirPath = "";
			projectRoot = "";
			targets = (
				095D5FF622EA5E4E002A25A5 /* MentorModules */,
			);
		};
/* End PBXProject section */

/* Begin PBXResourcesBuildPhase section */
		095D5FF522EA5E4E002A25A5 /* Resources */ = {
			isa = PBXResourcesBuildPhase;
			buildActionMask = 2147483647;
			files = (
			);
			runOnlyForDeploymentPostprocessing = 0;
		};
/* End PBXResourcesBuildPhase section */

/* Begin PBXShellScriptBuildPhase section */
		7BE56AE316CC89A9D8873145 /* [CP] Check Pods Manifest.lock */ = {
			isa = PBXShellScriptBuildPhase;
			buildActionMask = 2147483647;
			files = (
			);
			inputFileListPaths = (
			);
			inputPaths = (
				"${PODS_PODFILE_DIR_PATH}/Podfile.lock",
				"${PODS_ROOT}/Manifest.lock",
			);
			name = "[CP] Check Pods Manifest.lock";
			outputFileListPaths = (
			);
			outputPaths = (
				"$(DERIVED_FILE_DIR)/Pods-MentorModules-checkManifestLockResult.txt",
			);
			runOnlyForDeploymentPostprocessing = 0;
			shellPath = /bin/sh;
			shellScript = "diff \"${PODS_PODFILE_DIR_PATH}/Podfile.lock\" \"${PODS_ROOT}/Manifest.lock\" > /dev/null\nif [ $? != 0 ] ; then\n    # print error to STDERR\n    echo \"error: The sandbox is not in sync with the Podfile.lock. Run 'pod install' or update your CocoaPods installation.\" >&2\n    exit 1\nfi\n# This output is used by Xcode 'outputs' to avoid re-running this script phase.\necho \"SUCCESS\" > \"${SCRIPT_OUTPUT_FILE_0}\"\n";
			showEnvVarsInLog = 0;
		};
/* End PBXShellScriptBuildPhase section */

/* Begin PBXSourcesBuildPhase section */
		095D5FF322EA5E4E002A25A5 /* Sources */ = {
			isa = PBXSourcesBuildPhase;
			buildActionMask = 2147483647;
			files = (
				0970B58422EA5EC800223FA0 /* MRAuth.swift in Sources */,
			);
			runOnlyForDeploymentPostprocessing = 0;
		};
/* End PBXSourcesBuildPhase section */

/* Begin XCBuildConfiguration section */
		095D5FFD22EA5E4E002A25A5 /* Debug */ = {
			isa = XCBuildConfiguration;
			buildSettings = {
				ALWAYS_SEARCH_USER_PATHS = NO;
				CLANG_ANALYZER_NONNULL = YES;
				CLANG_ANALYZER_NUMBER_OBJECT_CONVERSION = YES_AGGRESSIVE;
				CLANG_CXX_LANGUAGE_STANDARD = "gnu++14";
				CLANG_CXX_LIBRARY = "libc++";
				CLANG_ENABLE_MODULES = YES;
				CLANG_ENABLE_OBJC_ARC = YES;
				CLANG_ENABLE_OBJC_WEAK = YES;
				CLANG_WARN_BLOCK_CAPTURE_AUTORELEASING = YES;
				CLANG_WARN_BOOL_CONVERSION = YES;
				CLANG_WARN_COMMA = YES;
				CLANG_WARN_CONSTANT_CONVERSION = YES;
				CLANG_WARN_DEPRECATED_OBJC_IMPLEMENTATIONS = YES;
				CLANG_WARN_DIRECT_OBJC_ISA_USAGE = YES_ERROR;
				CLANG_WARN_DOCUMENTATION_COMMENTS = YES;
				CLANG_WARN_EMPTY_BODY = YES;
				CLANG_WARN_ENUM_CONVERSION = YES;
				CLANG_WARN_INFINITE_RECURSION = YES;
				CLANG_WARN_INT_CONVERSION = YES;
				CLANG_WARN_NON_LITERAL_NULL_CONVERSION = YES;
				CLANG_WARN_OBJC_IMPLICIT_RETAIN_SELF = YES;
				CLANG_WARN_OBJC_LITERAL_CONVERSION = YES;
				CLANG_WARN_OBJC_ROOT_CLASS = YES_ERROR;
				CLANG_WARN_RANGE_LOOP_ANALYSIS = YES;
				CLANG_WARN_STRICT_PROTOTYPES = YES;
				CLANG_WARN_SUSPICIOUS_MOVE = YES;
				CLANG_WARN_UNGUARDED_AVAILABILITY = YES_AGGRESSIVE;
				CLANG_WARN_UNREACHABLE_CODE = YES;
				CLANG_WARN__DUPLICATE_METHOD_MATCH = YES;
				CODE_SIGN_IDENTITY = "iPhone Developer";
				COPY_PHASE_STRIP = NO;
				CURRENT_PROJECT_VERSION = 1;
				DEBUG_INFORMATION_FORMAT = dwarf;
				ENABLE_STRICT_OBJC_MSGSEND = YES;
				ENABLE_TESTABILITY = YES;
				GCC_C_LANGUAGE_STANDARD = gnu11;
				GCC_DYNAMIC_NO_PIC = NO;
				GCC_NO_COMMON_BLOCKS = YES;
				GCC_OPTIMIZATION_LEVEL = 0;
				GCC_PREPROCESSOR_DEFINITIONS = (
					"DEBUG=1",
					"$(inherited)",
				);
				GCC_WARN_64_TO_32_BIT_CONVERSION = YES;
				GCC_WARN_ABOUT_RETURN_TYPE = YES_ERROR;
				GCC_WARN_UNDECLARED_SELECTOR = YES;
				GCC_WARN_UNINITIALIZED_AUTOS = YES_AGGRESSIVE;
				GCC_WARN_UNUSED_FUNCTION = YES;
				GCC_WARN_UNUSED_VARIABLE = YES;
				IPHONEOS_DEPLOYMENT_TARGET = 12.4;
				MTL_ENABLE_DEBUG_INFO = INCLUDE_SOURCE;
				MTL_FAST_MATH = YES;
				ONLY_ACTIVE_ARCH = YES;
				SDKROOT = iphoneos;
				SWIFT_ACTIVE_COMPILATION_CONDITIONS = DEBUG;
				SWIFT_OPTIMIZATION_LEVEL = "-Onone";
				VERSIONING_SYSTEM = "apple-generic";
				VERSION_INFO_PREFIX = "";
			};
			name = Debug;
		};
		095D5FFE22EA5E4E002A25A5 /* Release */ = {
			isa = XCBuildConfiguration;
			buildSettings = {
				ALWAYS_SEARCH_USER_PATHS = NO;
				CLANG_ANALYZER_NONNULL = YES;
				CLANG_ANALYZER_NUMBER_OBJECT_CONVERSION = YES_AGGRESSIVE;
				CLANG_CXX_LANGUAGE_STANDARD = "gnu++14";
				CLANG_CXX_LIBRARY = "libc++";
				CLANG_ENABLE_MODULES = YES;
				CLANG_ENABLE_OBJC_ARC = YES;
				CLANG_ENABLE_OBJC_WEAK = YES;
				CLANG_WARN_BLOCK_CAPTURE_AUTORELEASING = YES;
				CLANG_WARN_BOOL_CONVERSION = YES;
				CLANG_WARN_COMMA = YES;
				CLANG_WARN_CONSTANT_CONVERSION = YES;
				CLANG_WARN_DEPRECATED_OBJC_IMPLEMENTATIONS = YES;
				CLANG_WARN_DIRECT_OBJC_ISA_USAGE = YES_ERROR;
				CLANG_WARN_DOCUMENTATION_COMMENTS = YES;
				CLANG_WARN_EMPTY_BODY = YES;
				CLANG_WARN_ENUM_CONVERSION = YES;
				CLANG_WARN_INFINITE_RECURSION = YES;
				CLANG_WARN_INT_CONVERSION = YES;
				CLANG_WARN_NON_LITERAL_NULL_CONVERSION = YES;
				CLANG_WARN_OBJC_IMPLICIT_RETAIN_SELF = YES;
				CLANG_WARN_OBJC_LITERAL_CONVERSION = YES;
				CLANG_WARN_OBJC_ROOT_CLASS = YES_ERROR;
				CLANG_WARN_RANGE_LOOP_ANALYSIS = YES;
				CLANG_WARN_STRICT_PROTOTYPES = YES;
				CLANG_WARN_SUSPICIOUS_MOVE = YES;
				CLANG_WARN_UNGUARDED_AVAILABILITY = YES_AGGRESSIVE;
				CLANG_WARN_UNREACHABLE_CODE = YES;
				CLANG_WARN__DUPLICATE_METHOD_MATCH = YES;
				CODE_SIGN_IDENTITY = "iPhone Developer";
				COPY_PHASE_STRIP = NO;
				CURRENT_PROJECT_VERSION = 1;
				DEBUG_INFORMATION_FORMAT = "dwarf-with-dsym";
				ENABLE_NS_ASSERTIONS = NO;
				ENABLE_STRICT_OBJC_MSGSEND = YES;
				GCC_C_LANGUAGE_STANDARD = gnu11;
				GCC_NO_COMMON_BLOCKS = YES;
				GCC_WARN_64_TO_32_BIT_CONVERSION = YES;
				GCC_WARN_ABOUT_RETURN_TYPE = YES_ERROR;
				GCC_WARN_UNDECLARED_SELECTOR = YES;
				GCC_WARN_UNINITIALIZED_AUTOS = YES_AGGRESSIVE;
				GCC_WARN_UNUSED_FUNCTION = YES;
				GCC_WARN_UNUSED_VARIABLE = YES;
				IPHONEOS_DEPLOYMENT_TARGET = 12.4;
				MTL_ENABLE_DEBUG_INFO = NO;
				MTL_FAST_MATH = YES;
				SDKROOT = iphoneos;
				SWIFT_COMPILATION_MODE = wholemodule;
				SWIFT_OPTIMIZATION_LEVEL = "-O";
				VALIDATE_PRODUCT = YES;
				VERSIONING_SYSTEM = "apple-generic";
				VERSION_INFO_PREFIX = "";
			};
			name = Release;
		};
		095D600022EA5E4E002A25A5 /* Debug */ = {
			isa = XCBuildConfiguration;
			baseConfigurationReference = A7B99A8E433C8D711318BD52 /* Pods-MentorModules.debug.xcconfig */;
			buildSettings = {
				CLANG_ENABLE_MODULES = YES;
				CODE_SIGN_IDENTITY = "";
				CODE_SIGN_STYLE = Automatic;
				DEFINES_MODULE = YES;
				DEVELOPMENT_TEAM = V89C8T59GT;
				DYLIB_COMPATIBILITY_VERSION = 1;
				DYLIB_CURRENT_VERSION = 1;
				DYLIB_INSTALL_NAME_BASE = "@rpath";
				INFOPLIST_FILE = MentorModules/Info.plist;
				INSTALL_PATH = "$(LOCAL_LIBRARY_DIR)/Frameworks";
				LD_RUNPATH_SEARCH_PATHS = (
					"$(inherited)",
					"@executable_path/Frameworks",
					"@loader_path/Frameworks",
				);
				PRODUCT_BUNDLE_IDENTIFIER = com.edriving.MentorModules;
				PRODUCT_NAME = "$(TARGET_NAME:c99extidentifier)";
				SKIP_INSTALL = YES;
				SWIFT_OPTIMIZATION_LEVEL = "-Onone";
				SWIFT_VERSION = 5.0;
				TARGETED_DEVICE_FAMILY = "1,2";
			};
			name = Debug;
		};
		095D600122EA5E4E002A25A5 /* Release */ = {
			isa = XCBuildConfiguration;
			baseConfigurationReference = 0E8C2FA3A07559D5D547EEA9 /* Pods-MentorModules.release.xcconfig */;
			buildSettings = {
				CLANG_ENABLE_MODULES = YES;
				CODE_SIGN_IDENTITY = "";
				CODE_SIGN_STYLE = Automatic;
				DEFINES_MODULE = YES;
				DEVELOPMENT_TEAM = V89C8T59GT;
				DYLIB_COMPATIBILITY_VERSION = 1;
				DYLIB_CURRENT_VERSION = 1;
				DYLIB_INSTALL_NAME_BASE = "@rpath";
				INFOPLIST_FILE = MentorModules/Info.plist;
				INSTALL_PATH = "$(LOCAL_LIBRARY_DIR)/Frameworks";
				LD_RUNPATH_SEARCH_PATHS = (
					"$(inherited)",
					"@executable_path/Frameworks",
					"@loader_path/Frameworks",
				);
				PRODUCT_BUNDLE_IDENTIFIER = com.edriving.MentorModules;
				PRODUCT_NAME = "$(TARGET_NAME:c99extidentifier)";
				SKIP_INSTALL = YES;
				SWIFT_VERSION = 5.0;
				TARGETED_DEVICE_FAMILY = "1,2";
			};
			name = Release;
		};
/* End XCBuildConfiguration section */

/* Begin XCConfigurationList section */
		095D5FF122EA5E4E002A25A5 /* Build configuration list for PBXProject "MentorModules" */ = {
			isa = XCConfigurationList;
			buildConfigurations = (
				095D5FFD22EA5E4E002A25A5 /* Debug */,
				095D5FFE22EA5E4E002A25A5 /* Release */,
			);
			defaultConfigurationIsVisible = 0;
			defaultConfigurationName = Release;
		};
		095D5FFF22EA5E4E002A25A5 /* Build configuration list for PBXNativeTarget "MentorModules" */ = {
			isa = XCConfigurationList;
			buildConfigurations = (
				095D600022EA5E4E002A25A5 /* Debug */,
				095D600122EA5E4E002A25A5 /* Release */,
			);
			defaultConfigurationIsVisible = 0;
			defaultConfigurationName = Release;
		};
/* End XCConfigurationList section */
	};
	rootObject = 095D5FEE22EA5E4E002A25A5 /* Project object */;
}
